{
  "name": "gramio-media-group",
  "version": "0.0.1",
  "lockfileVersion": 3,
  "requires": true,
  "packages": {
    "": {
      "name": "gramio-media-group",
      "version": "0.0.1",
      "dependencies": {
        "gramio": "^0.0.29"
      },
      "devDependencies": {
        "@biomejs/biome": "^1.7.2",
        "@types/node": "^20.12.7",
        "typescript": "^5.4.5"
      }
    },
    "node_modules/@biomejs/biome": {
      "version": "1.7.3",
      "resolved": "https://registry.npmjs.org/@biomejs/biome/-/biome-1.7.3.tgz",
      "integrity": "sha512-ogFQI+fpXftr+tiahA6bIXwZ7CSikygASdqMtH07J2cUzrpjyTMVc9Y97v23c7/tL1xCZhM+W9k4hYIBm7Q6cQ==",
      "dev": true,
      "hasInstallScript": true,
      "bin": {
        "biome": "bin/biome"
      },
      "engines": {
        "node": ">=14.21.3"
      },
      "funding": {
        "type": "opencollective",
        "url": "https://opencollective.com/biome"
      },
      "optionalDependencies": {
        "@biomejs/cli-darwin-arm64": "1.7.3",
        "@biomejs/cli-darwin-x64": "1.7.3",
        "@biomejs/cli-linux-arm64": "1.7.3",
        "@biomejs/cli-linux-arm64-musl": "1.7.3",
        "@biomejs/cli-linux-x64": "1.7.3",
        "@biomejs/cli-linux-x64-musl": "1.7.3",
        "@biomejs/cli-win32-arm64": "1.7.3",
        "@biomejs/cli-win32-x64": "1.7.3"
      }
    },
    "node_modules/@biomejs/cli-darwin-arm64": {
      "version": "1.7.3",
      "resolved": "https://registry.npmjs.org/@biomejs/cli-darwin-arm64/-/cli-darwin-arm64-1.7.3.tgz",
      "integrity": "sha512-eDvLQWmGRqrPIRY7AIrkPHkQ3visEItJKkPYSHCscSDdGvKzYjmBJwG1Gu8+QC5ed6R7eiU63LEC0APFBobmfQ==",
      "cpu": [
        "arm64"
      ],
      "dev": true,
      "optional": true,
      "os": [
        "darwin"
      ],
      "engines": {
        "node": ">=14.21.3"
      }
    },
    "node_modules/@biomejs/cli-darwin-x64": {
      "version": "1.7.3",
      "resolved": "https://registry.npmjs.org/@biomejs/cli-darwin-x64/-/cli-darwin-x64-1.7.3.tgz",
      "integrity": "sha512-JXCaIseKRER7dIURsVlAJacnm8SG5I0RpxZ4ya3dudASYUc68WGl4+FEN03ABY3KMIq7hcK1tzsJiWlmXyosZg==",
      "cpu": [
        "x64"
      ],
      "dev": true,
      "optional": true,
      "os": [
        "darwin"
      ],
      "engines": {
        "node": ">=14.21.3"
      }
    },
    "node_modules/@biomejs/cli-linux-arm64": {
      "version": "1.7.3",
      "resolved": "https://registry.npmjs.org/@biomejs/cli-linux-arm64/-/cli-linux-arm64-1.7.3.tgz",
      "integrity": "sha512-phNTBpo7joDFastnmZsFjYcDYobLTx4qR4oPvc9tJ486Bd1SfEVPHEvJdNJrMwUQK56T+TRClOQd/8X1nnjA9w==",
      "cpu": [
        "arm64"
      ],
      "dev": true,
      "optional": true,
      "os": [
        "linux"
      ],
      "engines": {
        "node": ">=14.21.3"
      }
    },
    "node_modules/@biomejs/cli-linux-arm64-musl": {
      "version": "1.7.3",
      "resolved": "https://registry.npmjs.org/@biomejs/cli-linux-arm64-musl/-/cli-linux-arm64-musl-1.7.3.tgz",
      "integrity": "sha512-c8AlO45PNFZ1BYcwaKzdt46kYbuP6xPGuGQ6h4j3XiEDpyseRRUy/h+6gxj07XovmyxKnSX9GSZ6nVbZvcVUAw==",
      "cpu": [
        "arm64"
      ],
      "dev": true,
      "optional": true,
      "os": [
        "linux"
      ],
      "engines": {
        "node": ">=14.21.3"
      }
    },
    "node_modules/@biomejs/cli-linux-x64": {
      "version": "1.7.3",
      "resolved": "https://registry.npmjs.org/@biomejs/cli-linux-x64/-/cli-linux-x64-1.7.3.tgz",
      "integrity": "sha512-vnedYcd5p4keT3iD48oSKjOIRPYcjSNNbd8MO1bKo9ajg3GwQXZLAH+0Cvlr+eMsO67/HddWmscSQwTFrC/uPA==",
      "cpu": [
        "x64"
      ],
      "dev": true,
      "optional": true,
      "os": [
        "linux"
      ],
      "engines": {
        "node": ">=14.21.3"
      }
    },
    "node_modules/@biomejs/cli-linux-x64-musl": {
      "version": "1.7.3",
      "resolved": "https://registry.npmjs.org/@biomejs/cli-linux-x64-musl/-/cli-linux-x64-musl-1.7.3.tgz",
      "integrity": "sha512-UdEHKtYGWEX3eDmVWvQeT+z05T9/Sdt2+F/7zmMOFQ7boANeX8pcO6EkJPK3wxMudrApsNEKT26rzqK6sZRTRA==",
      "cpu": [
        "x64"
      ],
      "dev": true,
      "optional": true,
      "os": [
        "linux"
      ],
      "engines": {
        "node": ">=14.21.3"
      }
    },
    "node_modules/@biomejs/cli-win32-arm64": {
      "version": "1.7.3",
      "resolved": "https://registry.npmjs.org/@biomejs/cli-win32-arm64/-/cli-win32-arm64-1.7.3.tgz",
      "integrity": "sha512-unNCDqUKjujYkkSxs7gFIfdasttbDC4+z0kYmcqzRk6yWVoQBL4dNLcCbdnJS+qvVDNdI9rHp2NwpQ0WAdla4Q==",
      "cpu": [
        "arm64"
      ],
      "dev": true,
      "optional": true,
      "os": [
        "win32"
      ],
      "engines": {
        "node": ">=14.21.3"
      }
    },
    "node_modules/@biomejs/cli-win32-x64": {
      "version": "1.7.3",
      "resolved": "https://registry.npmjs.org/@biomejs/cli-win32-x64/-/cli-win32-x64-1.7.3.tgz",
      "integrity": "sha512-ZmByhbrnmz/UUFYB622CECwhKIPjJLLPr5zr3edhu04LzbfcOrz16VYeNq5dpO1ADG70FORhAJkaIGdaVBG00w==",
      "cpu": [
        "x64"
      ],
      "dev": true,
      "optional": true,
      "os": [
        "win32"
      ],
      "engines": {
        "node": ">=14.21.3"
      }
    },
    "node_modules/@gramio/callback-data": {
      "version": "0.0.2",
      "resolved": "https://registry.npmjs.org/@gramio/callback-data/-/callback-data-0.0.2.tgz",
      "integrity": "sha512-TM3mfV0aTG8darOpk4pgZawe7XJFFKKMUHPdQdSNJ7frMyFw69GUymjHgV26nHIohW6HN9Z6m0aYHCgfYbbwVQ=="
    },
    "node_modules/@gramio/contexts": {
      "version": "0.0.11",
      "resolved": "https://registry.npmjs.org/@gramio/contexts/-/contexts-0.0.11.tgz",
      "integrity": "sha512-CgdfgVPaDBMHXcLxFLW1ww0v8i8gNMVAOGmx77dqDlLYvxSxNRIDLA286r3ljzqu0oNZ3mPFkco9lk20PLWfeA==",
      "peerDependencies": {
        "@gramio/types": "^7.2.1",
        "inspectable": "^3.0.0",
        "middleware-io": "^2.8.1"
      }
    },
    "node_modules/@gramio/files": {
      "version": "0.0.5",
      "resolved": "https://registry.npmjs.org/@gramio/files/-/files-0.0.5.tgz",
      "integrity": "sha512-vcSrF3Z7dz1vrhVkqztupQxStm18/kV2aO12k4XttuWWhmTHHlhExhR4pixN/NW/81vOsrW6s5oJ89nma7lJYA==",
      "dependencies": {
        "@gramio/types": "^7.2.1"
      }
    },
    "node_modules/@gramio/format": {
      "version": "0.0.8",
      "resolved": "https://registry.npmjs.org/@gramio/format/-/format-0.0.8.tgz",
      "integrity": "sha512-QmZNa25zGZ8xQwZfklUFULRkfPM2Tr6+CSDcK0bQllElrWs478s7FbdguNW9jXidjz+e7v9LpTXxg6B8xcL8fg=="
    },
    "node_modules/@gramio/keyboards": {
      "version": "0.3.1",
      "resolved": "https://registry.npmjs.org/@gramio/keyboards/-/keyboards-0.3.1.tgz",
      "integrity": "sha512-OK5HhOl2s9xs0mMhl4fNBJn8dFpBwyYD8vGQUs624dO31mKg7CmbNI9v1qJqpB8+931k2LR8sd81w7tEtgD/4w==",
      "dependencies": {
        "@gramio/types": "^7.3.4"
      }
    },
    "node_modules/@gramio/types": {
      "version": "7.3.4",
      "resolved": "https://registry.npmjs.org/@gramio/types/-/types-7.3.4.tgz",
      "integrity": "sha512-VID0EuuMKBXZ+tN5uQNRnA1Q2JOgdu9FFgIsY7AgbWRCxbimbz7MpGLa3ng9q2YfP4VYqfUF6N/OQ/bw7Syu2g=="
    },
    "node_modules/@types/node": {
      "version": "20.12.12",
      "resolved": "https://registry.npmjs.org/@types/node/-/node-20.12.12.tgz",
      "integrity": "sha512-eWLDGF/FOSPtAvEqeRAQ4C8LSA7M1I7i0ky1I8U7kD1J5ITyW3AsRhQrKVoWf5pFKZ2kILsEGJhsI9r93PYnOw==",
      "dev": true,
      "dependencies": {
        "undici-types": "~5.26.4"
      }
    },
    "node_modules/gramio": {
      "version": "0.0.29",
      "resolved": "https://registry.npmjs.org/gramio/-/gramio-0.0.29.tgz",
      "integrity": "sha512-pRtjVnmaUduqkbZIGqpM3mdoks71F9tpqqkyyxsOIfBq4/HESA3KpsYxOQ6Smry442loTaAq3K1EQgo6B+DeUw==",
      "dependencies": {
        "@gramio/callback-data": "^0.0.2",
        "@gramio/contexts": "^0.0.11",
        "@gramio/files": "^0.0.5",
        "@gramio/format": "^0.0.8",
        "@gramio/keyboards": "^0.3.0",
        "@gramio/types": "^7.2.1",
        "inspectable": "^3.0.0",
        "middleware-io": "^2.8.1",
        "undici": "^6.13.0"
      }
    },
    "node_modules/inspectable": {
      "version": "3.0.1",
      "resolved": "https://registry.npmjs.org/inspectable/-/inspectable-3.0.1.tgz",
      "integrity": "sha512-WQ2xluSg9XqFR1El1rfjYEEjeIyG2aTDmqR+f/6MjtqWeMOU4Db8NfUzv9yGJ0/A02GLxyFHWoYWPE/bNRUIbA==",
      "engines": {
        "node": ">=20.0.0"
      }
    },
    "node_modules/middleware-io": {
      "version": "2.8.1",
      "resolved": "https://registry.npmjs.org/middleware-io/-/middleware-io-2.8.1.tgz",
      "integrity": "sha512-H0XftkexHKxxQsoCsItMzM7WU3S/rIFzL3T4guU8tWLKr7e5cVkdaZ+JQeeL+TB3OaHpqFi/ozYqQl69z2X6bg==",
      "engines": {
        "node": ">=12.0.0"
      }
    },
    "node_modules/typescript": {
      "version": "5.4.5",
      "resolved": "https://registry.npmjs.org/typescript/-/typescript-5.4.5.tgz",
      "integrity": "sha512-vcI4UpRgg81oIRUFwR0WSIHKt11nJ7SAVlYNIu+QpqeyXP+gpQJy/Z4+F0aGxSE4MqwjyXvW/TzgkLAx2AGHwQ==",
      "dev": true,
      "bin": {
        "tsc": "bin/tsc",
        "tsserver": "bin/tsserver"
      },
      "engines": {
        "node": ">=14.17"
      }
    },
    "node_modules/undici": {
      "version": "6.16.1",
      "resolved": "https://registry.npmjs.org/undici/-/undici-6.16.1.tgz",
      "integrity": "sha512-NeNiTT7ixpeiL1qOIU/xTVpHpVP0svmI6PwoCKaMGaI5AsHOaRdwqU/f7Fi9eyU4u03nd5U/BC8wmRMnS9nqoA==",
      "engines": {
        "node": ">=18.17"
      }
    },
    "node_modules/undici-types": {
      "version": "5.26.5",
      "resolved": "https://registry.npmjs.org/undici-types/-/undici-types-5.26.5.tgz",
      "integrity": "sha512-JlCMO+ehdEIKqlFxk6IfVoAUVmgz7cU7zD/h9XZ0qzeosSHmUJVOzSQvvYSYWXkFXC+IfLKSIffhv0sVZup6pA==",
      "dev": true
    }
  }
}
